
Microsoft Visual Studio Solution File, Format Version 12.00
# Visual Studio Version 17
VisualStudioVersion = 17.3.32929.385
MinimumVisualStudioVersion = 10.0.40219.1
Project("{FAE04EC0-301F-11D3-BF4B-00C04F79EFBC}") = "News.BusinessLogic", "News.BusinessLogic\News.BusinessLogic.csproj", "{10BB3242-5AB3-43F6-9096-0C628E06CEC2}"
EndProject
Project("{FAE04EC0-301F-11D3-BF4B-00C04F79EFBC}") = "News.Entities", "News.Entities\News.Entities.csproj", "{37C2E8CB-24EB-4B4D-BED5-061BF49BC5E1}"
EndProject
Project("{FAE04EC0-301F-11D3-BF4B-00C04F79EFBC}") = "News", "News\News.csproj", "{7A7FBBCF-423E-4EF1-9F31-C50A75678727}"
EndProject
Project("{FAE04EC0-301F-11D3-BF4B-00C04F79EFBC}") = "News.Infrastructure", "News.Infrastructure\News.Infrastructure.csproj", "{60C243E0-47B0-4749-8290-48976686BD8C}"
EndProject
Project("{FAE04EC0-301F-11D3-BF4B-00C04F79EFBC}") = "News.Models", "News.Models\News.Models.csproj", "{9681B74C-D260-4839-BA11-D68407262488}"
EndProject
Project("{FAE04EC0-301F-11D3-BF4B-00C04F79EFBC}") = "News.Enums", "News.Enums\News.Enums.csproj", "{F3F4D243-5785-42A0-826E-E49BED1C8687}"
EndProject
Project("{FAE04EC0-301F-11D3-BF4B-00C04F79EFBC}") = "News.Consts", "News.Consts\News.Consts.csproj", "{F9D82146-EB72-45E8-89D9-A3A78747E734}"
EndProject
Global
	GlobalSection(SolutionConfigurationPlatforms) = preSolution
		Debug|Any CPU = Debug|Any CPU
		Release|Any CPU = Release|Any CPU
	EndGlobalSection
	GlobalSection(ProjectConfigurationPlatforms) = postSolution
		{10BB3242-5AB3-43F6-9096-0C628E06CEC2}.Debug|Any CPU.ActiveCfg = Debug|Any CPU
		{10BB3242-5AB3-43F6-9096-0C628E06CEC2}.Debug|Any CPU.Build.0 = Debug|Any CPU
		{10BB3242-5AB3-43F6-9096-0C628E06CEC2}.Release|Any CPU.ActiveCfg = Release|Any CPU
		{10BB3242-5AB3-43F6-9096-0C628E06CEC2}.Release|Any CPU.Build.0 = Release|Any CPU
		{37C2E8CB-24EB-4B4D-BED5-061BF49BC5E1}.Debug|Any CPU.ActiveCfg = Debug|Any CPU
		{37C2E8CB-24EB-4B4D-BED5-061BF49BC5E1}.Debug|Any CPU.Build.0 = Debug|Any CPU
		{37C2E8CB-24EB-4B4D-BED5-061BF49BC5E1}.Release|Any CPU.ActiveCfg = Release|Any CPU
		{37C2E8CB-24EB-4B4D-BED5-061BF49BC5E1}.Release|Any CPU.Build.0 = Release|Any CPU
		{7A7FBBCF-423E-4EF1-9F31-C50A75678727}.Debug|Any CPU.ActiveCfg = Debug|Any CPU
		{7A7FBBCF-423E-4EF1-9F31-C50A75678727}.Debug|Any CPU.Build.0 = Debug|Any CPU
		{7A7FBBCF-423E-4EF1-9F31-C50A75678727}.Release|Any CPU.ActiveCfg = Release|Any CPU
		{7A7FBBCF-423E-4EF1-9F31-C50A75678727}.Release|Any CPU.Build.0 = Release|Any CPU
		{60C243E0-47B0-4749-8290-48976686BD8C}.Debug|Any CPU.ActiveCfg = Debug|Any CPU
		{60C243E0-47B0-4749-8290-48976686BD8C}.Debug|Any CPU.Build.0 = Debug|Any CPU
		{60C243E0-47B0-4749-8290-48976686BD8C}.Release|Any CPU.ActiveCfg = Release|Any CPU
		{60C243E0-47B0-4749-8290-48976686BD8C}.Release|Any CPU.Build.0 = Release|Any CPU
		{9681B74C-D260-4839-BA11-D68407262488}.Debug|Any CPU.ActiveCfg = Debug|Any CPU
		{9681B74C-D260-4839-BA11-D68407262488}.Debug|Any CPU.Build.0 = Debug|Any CPU
		{9681B74C-D260-4839-BA11-D68407262488}.Release|Any CPU.ActiveCfg = Release|Any CPU
		{9681B74C-D260-4839-BA11-D68407262488}.Release|Any CPU.Build.0 = Release|Any CPU
		{F3F4D243-5785-42A0-826E-E49BED1C8687}.Debug|Any CPU.ActiveCfg = Debug|Any CPU
		{F3F4D243-5785-42A0-826E-E49BED1C8687}.Debug|Any CPU.Build.0 = Debug|Any CPU
		{F3F4D243-5785-42A0-826E-E49BED1C8687}.Release|Any CPU.ActiveCfg = Release|Any CPU
		{F3F4D243-5785-42A0-826E-E49BED1C8687}.Release|Any CPU.Build.0 = Release|Any CPU
		{F9D82146-EB72-45E8-89D9-A3A78747E734}.Debug|Any CPU.ActiveCfg = Debug|Any CPU
		{F9D82146-EB72-45E8-89D9-A3A78747E734}.Debug|Any CPU.Build.0 = Debug|Any CPU
		{F9D82146-EB72-45E8-89D9-A3A78747E734}.Release|Any CPU.ActiveCfg = Release|Any CPU
		{F9D82146-EB72-45E8-89D9-A3A78747E734}.Release|Any CPU.Build.0 = Release|Any CPU
	EndGlobalSection
	GlobalSection(SolutionProperties) = preSolution
		HideSolutionNode = FALSE
	EndGlobalSection
	GlobalSection(NestedProjects) = preSolution
	EndGlobalSection
	GlobalSection(ExtensibilityGlobals) = postSolution
		SolutionGuid = {3E8169BA-CA52-46D3-9F57-DA057B2669C4}
	EndGlobalSection
EndGlobal
